{
    "_readme": [
        "This file locks the dependencies of your project to a known state",
        "Read more about it at https://getcomposer.org/doc/01-basic-usage.md#composer-lock-the-lock-file",
        "This file is @generated automatically"
    ],
    "content-hash": "4261bd868e52bcc59ef02635bc410afc",
    "packages": [
        {
            "name": "linpax/microphp-driver",
            "version": "dev-master",
            "source": {
                "type": "git",
                "url": "https://github.com/linpax/microphp-driver.git",
                "reference": "5e9fa15d80cca34a365f6018625885758e7d6524"
            },
            "dist": {
                "type": "zip",
                "url": "https://api.github.com/repos/linpax/microphp-driver/zipball/5e9fa15d80cca34a365f6018625885758e7d6524",
                "reference": "5e9fa15d80cca34a365f6018625885758e7d6524",
                "shasum": ""
            },
            "require": {
                "php": ">=5.4.0"
            },
            "type": "library",
            "autoload": {
                "psr-4": {
                    "Micro\\Driver\\": "src/"
                }
            },
            "notification-url": "https://packagist.org/downloads/",
            "license": [
                "MIT"
            ],
            "authors": [
                {
                    "name": "Zcasper",
                    "email": "testuser@mail.linpax.org"
                }
            ],
            "description": "Common interfaces for drivers",
            "time": "2017-06-07 23:46:15"
        }
    ],
    "packages-dev": [],
    "aliases": [],
    "minimum-stability": "dev",
    "stability-flags": {
        "linpax/microphp-driver": 20
    },
    "prefer-stable": false,
    "prefer-lowest": false,
    "platform": [],
    "platform-dev": []
}
